// !$*UTF8*$!
{
	archiveVersion = 1;
	classes = {
	};
	objectVersion = 46;
	objects = {

/* Begin PBXBuildFile section */
		6CB3F8021D6C57CA00AEE422 /* AppDelegate.swift in Sources */ = {isa = PBXBuildFile; fileRef = 6CB3F8011D6C57CA00AEE422 /* AppDelegate.swift */; };
		6CB3F8041D6C57CA00AEE422 /* ViewController.swift in Sources */ = {isa = PBXBuildFile; fileRef = 6CB3F8031D6C57CA00AEE422 /* ViewController.swift */; };
		6CB3F8071D6C57CA00AEE422 /* Main.storyboard in Resources */ = {isa = PBXBuildFile; fileRef = 6CB3F8051D6C57CA00AEE422 /* Main.storyboard */; };
		6CB3F8091D6C57CA00AEE422 /* Assets.xcassets in Resources */ = {isa = PBXBuildFile; fileRef = 6CB3F8081D6C57CA00AEE422 /* Assets.xcassets */; };
		6CB3F80C1D6C57CA00AEE422 /* LaunchScreen.storyboard in Resources */ = {isa = PBXBuildFile; fileRef = 6CB3F80A1D6C57CA00AEE422 /* LaunchScreen.storyboard */; };
/* End PBXBuildFile section */

/* Begin PBXFileReference section */
		6CB3F7FE1D6C57CA00AEE422 /* TestApp.app */ = {isa = PBXFileReference; explicitFileType = wrapper.application; includeInIndex = 0; path = TestApp.app; sourceTree = BUILT_PRODUCTS_DIR; };
		6CB3F8011D6C57CA00AEE422 /* AppDelegate.swift */ = {isa = PBXFileReference; lastKnownFileType = sourcecode.swift; path = AppDelegate.swift; sourceTree = "<group>"; };
		6CB3F8031D6C57CA00AEE422 /* ViewController.swift */ = {isa = PBXFileReference; lastKnownFileType = sourcecode.swift; path = ViewController.swift; sourceTree = "<group>"; };
		6CB3F8061D6C57CA00AEE422 /* Base */ = {isa = PBXFileReference; lastKnownFileType = file.storyboard; name = Base; path = Base.lproj/Main.storyboard; sourceTree = "<group>"; };
		6CB3F8081D6C57CA00AEE422 /* Assets.xcassets */ = {isa = PBXFileReference; lastKnownFileType = folder.assetcatalog; path = Assets.xcassets; sourceTree = "<group>"; };
		6CB3F80B1D6C57CA00AEE422 /* Base */ = {isa = PBXFileReference; lastKnownFileType = file.storyboard; name = Base; path = Base.lproj/LaunchScreen.storyboard; sourceTree = "<group>"; };
		6CB3F80D1D6C57CA00AEE422 /* Info.plist */ = {isa = PBXFileReference; lastKnownFileType = text.plist.xml; path = Info.plist; sourceTree = "<group>"; };
/* End PBXFileReference section */

/* Begin PBXFrameworksBuildPhase section */
		6CB3F7FB1D6C57CA00AEE422 /* Frameworks */ = {
			isa = PBXFrameworksBuildPhase;
			buildActionMask = 2147483647;
			files = (
			);
			runOnlyForDeploymentPostprocessing = 0;
		};
/* End PBXFrameworksBuildPhase section */

/* Begin PBXGroup section */
		6CB3F7F51D6C57CA00AEE422 = {
			isa = PBXGroup;
			children = (
				6CB3F8001D6C57CA00AEE422 /* TestApp */,
				6CB3F7FF1D6C57CA00AEE422 /* Products */,
			);
			sourceTree = "<group>";
		};
		6CB3F7FF1D6C57CA00AEE422 /* Products */ = {
			isa = PBXGroup;
			children = (
				6CB3F7FE1D6C57CA00AEE422 /* TestApp.app */,
			);
			name = Products;
			sourceTree = "<group>";
		};
		6CB3F8001D6C57CA00AEE422 /* TestApp */ = {
			isa = PBXGroup;
			children = (
				6CB3F8011D6C57CA00AEE422 /* AppDelegate.swift */,
				6CB3F8031D6C57CA00AEE422 /* ViewController.swift */,
				6CB3F8051D6C57CA00AEE422 /* Main.storyboard */,
				6CB3F8081D6C57CA00AEE422 /* Assets.xcassets */,
				6CB3F80A1D6C57CA00AEE422 /* LaunchScreen.storyboard */,
				6CB3F80D1D6C57CA00AEE422 /* Info.plist */,
			);
			path = TestApp;
			sourceTree = "<group>";
		};
/* End PBXGroup section */

/* Begin PBXNativeTarget section */
		6CB3F7FD1D6C57CA00AEE422 /* TestApp */ = {
			isa = PBXNativeTarget;
			buildConfigurationList = 6CB3F8101D6C57CA00AEE422 /* Build configuration list for PBXNativeTarget "TestApp" */;
			buildPhases = (
				6CB3F7FA1D6C57CA00AEE422 /* Sources */,
				6CB3F7FB1D6C57CA00AEE422 /* Frameworks */,
				6CB3F7FC1D6C57CA00AEE422 /* Resources */,
			);
			buildRules = (
			);
			dependencies = (
			);
			name = TestApp;
			productName = TestApp;
			productReference = 6CB3F7FE1D6C57CA00AEE422 /* TestApp.app */;
			productType = "com.apple.product-type.application";
		};
/* End PBXNativeTarget section */

/* Begin PBXProject section */
		6CB3F7F61D6C57CA00AEE422 /* Project object */ = {
			isa = PBXProject;
			attributes = {
				LastUpgradeCheck = 0700;
				ORGANIZATIONNAME = HCL;
				TargetAttributes = {
					6CB3F7FD1D6C57CA00AEE422 = {
						CreatedOnToolsVersion = 7.0;
					};
				};
			};
			buildConfigurationList = 6CB3F7F91D6C57CA00AEE422 /* Build configuration list for PBXProject "TestApp" */;
			compatibilityVersion = "Xcode 3.2";
			developmentRegion = English;
			hasScannedForEncodings = 0;
			knownRegions = (
				en,
				Base,
			);
			mainGroup = 6CB3F7F51D6C57CA00AEE422;
			productRefGroup = 6CB3F7FF1D6C57CA00AEE422 /* Products */;
			projectDirPath = "";
			projectRoot = "";
			targets = (
				6CB3F7FD1D6C57CA00AEE422 /* TestApp */,
			);
		};
/* End PBXProject section */

/* Begin PBXResourcesBuildPhase section */
		6CB3F7FC1D6C57CA00AEE422 /* Resources */ = {
			isa = PBXResourcesBuildPhase;
			buildActionMask = 2147483647;
			files = (
				6CB3F80C1D6C57CA00AEE422 /* LaunchScreen.storyboard in Resources */,
				6CB3F8091D6C57CA00AEE422 /* Assets.xcassets in Resources */,
				6CB3F8071D6C57CA00AEE422 /* Main.storyboard in Resources */,
			);
			runOnlyForDeploymentPostprocessing = 0;
		};
/* End PBXResourcesBuildPhase section */

/* Begin PBXSourcesBuildPhase section */
		6CB3F7FA1D6C57CA00AEE422 /* Sources */ = {
			isa = PBXSourcesBuildPhase;
			buildActionMask = 2147483647;
			files = (
				6CB3F8041D6C57CA00AEE422 /* ViewController.swift in Sources */,
				6CB3F8021D6C57CA00AEE422 /* AppDelegate.swift in Sources */,
			);
			runOnlyForDeploymentPostprocessing = 0;
		};
/* End PBXSourcesBuildPhase section */

/* Begin PBXVariantGroup section */
		6CB3F8051D6C57CA00AEE422 /* Main.storyboard */ = {
			isa = PBXVariantGroup;
			children = (
				6CB3F8061D6C57CA00AEE422 /* Base */,
			);
			name = Main.storyboard;
			sourceTree = "<group>";
		};
		6CB3F80A1D6C57CA00AEE422 /* LaunchScreen.storyboard */ = {
			isa = PBXVariantGroup;
			children = (
				6CB3F80B1D6C57CA00AEE422 /* Base */,
			);
			name = LaunchScreen.storyboard;
			sourceTree = "<group>";
		};
/* End PBXVariantGroup section */

/* Begin XCBuildConfiguration section */
		6CB3F80E1D6C57CA00AEE422 /* Debug */ = {
			isa = XCBuildConfiguration;
			buildSettings = {
				ALWAYS_SEARCH_USER_PATHS = NO;
				CLANG_CXX_LANGUAGE_STANDARD = "gnu++0x";
				CLANG_CXX_LIBRARY = "libc++";
				CLANG_ENABLE_MODULES = YES;
				CLANG_ENABLE_OBJC_ARC = YES;
				CLANG_WARN_BOOL_CONVERSION = YES;
				CLANG_WARN_CONSTANT_CONVERSION = YES;
				CLANG_WARN_DIRECT_OBJC_ISA_USAGE = YES_ERROR;
				CLANG_WARN_EMPTY_BODY = YES;
				CLANG_WARN_ENUM_CONVERSION = YES;
				CLANG_WARN_INT_CONVERSION = YES;
				CLANG_WARN_OBJC_ROOT_CLASS = YES_ERROR;
				CLANG_WARN_UNREACHABLE_CODE = YES;
				CLANG_WARN__DUPLICATE_METHOD_MATCH = YES;
				"CODE_SIGN_IDENTITY[sdk=iphoneos*]" = "iPhone Developer";
				COPY_PHASE_STRIP = NO;
				DEBUG_INFORMATION_FORMAT = dwarf;
				ENABLE_STRICT_OBJC_MSGSEND = YES;
				ENABLE_TESTABILITY = YES;
				GCC_C_LANGUAGE_STANDARD = gnu99;
				GCC_DYNAMIC_NO_PIC = NO;
				GCC_NO_COMMON_BLOCKS = YES;
				GCC_OPTIMIZATION_LEVEL = 0;
				GCC_PREPROCESSOR_DEFINITIONS = (
					"DEBUG=1",
					"$(inherited)",
				);
				GCC_WARN_64_TO_32_BIT_CONVERSION = YES;
				GCC_WARN_ABOUT_RETURN_TYPE = YES_ERROR;
				GCC_WARN_UNDECLARED_SELECTOR = YES;
				GCC_WARN_UNINITIALIZED_AUTOS = YES_AGGRESSIVE;
				GCC_WARN_UNUSED_FUNCTION = YES;
				GCC_WARN_UNUSED_VARIABLE = YES;
				IPHONEOS_DEPLOYMENT_TARGET = 9.0;
				MTL_ENABLE_DEBUG_INFO = YES;
				ONLY_ACTIVE_ARCH = YES;
				SDKROOT = iphoneos;
				SWIFT_OPTIMIZATION_LEVEL = "-Onone";
				TARGETED_DEVICE_FAMILY = "1,2";
			};
			name = Debug;
		};
		6CB3F80F1D6C57CA00AEE422 /* Release */ = {
			isa = XCBuildConfiguration;
			buildSettings = {
				ALWAYS_SEARCH_USER_PATHS = NO;
				CLANG_CXX_LANGUAGE_STANDARD = "gnu++0x";
				CLANG_CXX_LIBRARY = "libc++";
				CLANG_ENABLE_MODULES = YES;
				CLANG_ENABLE_OBJC_ARC = YES;
				CLANG_WARN_BOOL_CONVERSION = YES;
				CLANG_WARN_CONSTANT_CONVERSION = YES;
				CLANG_WARN_DIRECT_OBJC_ISA_USAGE = YES_ERROR;
				CLANG_WARN_EMPTY_BODY = YES;
				CLANG_WARN_ENUM_CONVERSION = YES;
				CLANG_WARN_INT_CONVERSION = YES;
				CLANG_WARN_OBJC_ROOT_CLASS = YES_ERROR;
				CLANG_WARN_UNREACHABLE_CODE = YES;
				CLANG_WARN__DUPLICATE_METHOD_MATCH = YES;
				"CODE_SIGN_IDENTITY[sdk=iphoneos*]" = "iPhone Developer";
				COPY_PHASE_STRIP = NO;
				DEBUG_INFORMATION_FORMAT = "dwarf-with-dsym";
				ENABLE_NS_ASSERTIONS = NO;
				ENABLE_STRICT_OBJC_MSGSEND = YES;
				GCC_C_LANGUAGE_STANDARD = gnu99;
				GCC_NO_COMMON_BLOCKS = YES;
				GCC_WARN_64_TO_32_BIT_CONVERSION = YES;
				GCC_WARN_ABOUT_RETURN_TYPE = YES_ERROR;
				GCC_WARN_UNDECLARED_SELECTOR = YES;
				GCC_WARN_UNINITIALIZED_AUTOS = YES_AGGRESSIVE;
				GCC_WARN_UNUSED_FUNCTION = YES;
				GCC_WARN_UNUSED_VARIABLE = YES;
				IPHONEOS_DEPLOYMENT_TARGET = 9.0;
				MTL_ENABLE_DEBUG_INFO = NO;
				SDKROOT = iphoneos;
				TARGETED_DEVICE_FAMILY = "1,2";
				VALIDATE_PRODUCT = YES;
			};
			name = Release;
		};
		6CB3F8111D6C57CA00AEE422 /* Debug */ = {
			isa = XCBuildConfiguration;
			buildSettings = {
				ASSETCATALOG_COMPILER_APPICON_NAME = AppIcon;
				INFOPLIST_FILE = TestApp/Info.plist;
				LD_RUNPATH_SEARCH_PATHS = "$(inherited) @executable_path/Frameworks";
				PRODUCT_BUNDLE_IDENTIFIER = "";
				PRODUCT_NAME = "$(TARGET_NAME)";
			};
			name = Debug;
		};
		6CB3F8121D6C57CA00AEE422 /* Release */ = {
			isa = XCBuildConfiguration;
			buildSettings = {
				ASSETCATALOG_COMPILER_APPICON_NAME = AppIcon;
				INFOPLIST_FILE = TestApp/Info.plist;
				LD_RUNPATH_SEARCH_PATHS = "$(inherited) @executable_path/Frameworks";
				PRODUCT_BUNDLE_IDENTIFIER = "";
				PRODUCT_NAME = "$(TARGET_NAME)";
			};
			name = Release;
		};
/* End XCBuildConfiguration section */

/* Begin XCConfigurationList section */
		6CB3F7F91D6C57CA00AEE422 /* Build configuration list for PBXProject "TestApp" */ = {
			isa = XCConfigurationList;
			buildConfigurations = (
				6CB3F80E1D6C57CA00AEE422 /* Debug */,
				6CB3F80F1D6C57CA00AEE422 /* Release */,
			);
			defaultConfigurationIsVisible = 0;
			defaultConfigurationName = Release;
		};
		6CB3F8101D6C57CA00AEE422 /* Build configuration list for PBXNativeTarget "TestApp" */ = {
			isa = XCConfigurationList;
			buildConfigurations = (
				6CB3F8111D6C57CA00AEE422 /* Debug */,
				6CB3F8121D6C57CA00AEE422 /* Release */,
			);
			defaultConfigurationIsVisible = 0;
		};
/* End XCConfigurationList section */
	};
	rootObject = 6CB3F7F61D6C57CA00AEE422 /* Project object */;
}
